
Microsoft Visual Studio Solution File, Format Version 12.00
# Visual Studio Version 17
VisualStudioVersion = 17.0.31815.197
MinimumVisualStudioVersion = 10.0.40219.1
Project("{FAE04EC0-301F-11D3-BF4B-00C04F79EFBC}") = "doe.rapido.business", "doe.rapido.business\doe.rapido.business.csproj", "{951BC2B6-F9F2-4017-96F1-1BEBD8F92AA7}"
EndProject
Project("{9A19103F-16F7-4668-BE54-9A1E7A4F7556}") = "doe.rapido.api", "doe.rapido.api\doe.rapido.api.csproj", "{C932736B-E24E-4F06-9409-FC436A696B6D}"
EndProject
Project("{FAE04EC0-301F-11D3-BF4B-00C04F79EFBC}") = "doe.rapido.data", "doe.rapido.data\doe.rapido.data.csproj", "{5904D101-AC5C-456A-88F5-06CA28A807E6}"
EndProject
Global
	GlobalSection(SolutionConfigurationPlatforms) = preSolution
		Debug|Any CPU = Debug|Any CPU
		Release|Any CPU = Release|Any CPU
	EndGlobalSection
	GlobalSection(ProjectConfigurationPlatforms) = postSolution
		{951BC2B6-F9F2-4017-96F1-1BEBD8F92AA7}.Debug|Any CPU.ActiveCfg = Debug|Any CPU
		{951BC2B6-F9F2-4017-96F1-1BEBD8F92AA7}.Debug|Any CPU.Build.0 = Debug|Any CPU
		{951BC2B6-F9F2-4017-96F1-1BEBD8F92AA7}.Release|Any CPU.ActiveCfg = Release|Any CPU
		{951BC2B6-F9F2-4017-96F1-1BEBD8F92AA7}.Release|Any CPU.Build.0 = Release|Any CPU
		{C932736B-E24E-4F06-9409-FC436A696B6D}.Debug|Any CPU.ActiveCfg = Debug|Any CPU
		{C932736B-E24E-4F06-9409-FC436A696B6D}.Debug|Any CPU.Build.0 = Debug|Any CPU
		{C932736B-E24E-4F06-9409-FC436A696B6D}.Release|Any CPU.ActiveCfg = Release|Any CPU
		{C932736B-E24E-4F06-9409-FC436A696B6D}.Release|Any CPU.Build.0 = Release|Any CPU
		{5904D101-AC5C-456A-88F5-06CA28A807E6}.Debug|Any CPU.ActiveCfg = Debug|Any CPU
		{5904D101-AC5C-456A-88F5-06CA28A807E6}.Debug|Any CPU.Build.0 = Debug|Any CPU
		{5904D101-AC5C-456A-88F5-06CA28A807E6}.Release|Any CPU.ActiveCfg = Release|Any CPU
		{5904D101-AC5C-456A-88F5-06CA28A807E6}.Release|Any CPU.Build.0 = Release|Any CPU
	EndGlobalSection
	GlobalSection(SolutionProperties) = preSolution
		HideSolutionNode = FALSE
	EndGlobalSection
	GlobalSection(ExtensibilityGlobals) = postSolution
		SolutionGuid = {8C7D4AFD-CB7C-4711-BD87-5BF08A9601B7}
	EndGlobalSection
	GlobalSection(TeamFoundationVersionControl) = preSolution
		SccNumberOfProjects = 4
		SccEnterpriseProvider = {4CA58AB2-18FA-4F8D-95D4-32DDF27D184C}
		SccTeamFoundationServer = https://dev.azure.com/jvitor-s2014
		SccLocalPath0 = .
		SccProjectUniqueName1 = doe.rapido.business\\doe.rapido.business.csproj
		SccProjectName1 = doe.rapido.business
		SccLocalPath1 = doe.rapido.business
		SccProjectUniqueName2 = doe.rapido.api\\doe.rapido.api.csproj
		SccProjectName2 = doe.rapido.api
		SccLocalPath2 = doe.rapido.api
		SccProjectUniqueName3 = doe.rapido.data\\doe.rapido.data.csproj
		SccProjectName3 = doe.rapido.data
		SccLocalPath3 = doe.rapido.data
	EndGlobalSection
EndGlobal
